// !$*UTF8*$!
{
	archiveVersion = 1;
	classes = {
	};
	objectVersion = 48;
	objects = {

/* Begin PBXBuildFile section */
		19B46C361FBB0C4600792F29 /* AppDelegate.swift in Sources */ = {isa = PBXBuildFile; fileRef = 19B46C351FBB0C4600792F29 /* AppDelegate.swift */; };
		19B46C381FBB0C4600792F29 /* ViewController.swift in Sources */ = {isa = PBXBuildFile; fileRef = 19B46C371FBB0C4600792F29 /* ViewController.swift */; };
		19B46C3B1FBB0C4600792F29 /* Main.storyboard in Resources */ = {isa = PBXBuildFile; fileRef = 19B46C391FBB0C4600792F29 /* Main.storyboard */; };
		19B46C3D1FBB0C4600792F29 /* Assets.xcassets in Resources */ = {isa = PBXBuildFile; fileRef = 19B46C3C1FBB0C4600792F29 /* Assets.xcassets */; };
		19B46C401FBB0C4600792F29 /* LaunchScreen.storyboard in Resources */ = {isa = PBXBuildFile; fileRef = 19B46C3E1FBB0C4600792F29 /* LaunchScreen.storyboard */; };
		19B46C4B1FBB0C4600792F29 /* theLottTests.swift in Sources */ = {isa = PBXBuildFile; fileRef = 19B46C4A1FBB0C4600792F29 /* theLottTests.swift */; };
		19B46C571FBB133800792F29 /* response.json in Resources */ = {isa = PBXBuildFile; fileRef = 19B46C561FBB133800792F29 /* response.json */; };
		19B46C5A1FBB141A00792F29 /* Result.swift in Sources */ = {isa = PBXBuildFile; fileRef = 19B46C591FBB141A00792F29 /* Result.swift */; };
		19B46C5D1FBB17A700792F29 /* Company.swift in Sources */ = {isa = PBXBuildFile; fileRef = 19B46C5C1FBB17A700792F29 /* Company.swift */; };
		19B46C5F1FBB1C4800792F29 /* MappingTests.swift in Sources */ = {isa = PBXBuildFile; fileRef = 19B46C5E1FBB1C4800792F29 /* MappingTests.swift */; };
		19B46C601FBB1C9300792F29 /* Company.swift in Sources */ = {isa = PBXBuildFile; fileRef = 19B46C5C1FBB17A700792F29 /* Company.swift */; };
		19B46C611FBB1C9600792F29 /* Result.swift in Sources */ = {isa = PBXBuildFile; fileRef = 19B46C591FBB141A00792F29 /* Result.swift */; };
		19B46C621FBB1D0700792F29 /* response.json in Resources */ = {isa = PBXBuildFile; fileRef = 19B46C561FBB133800792F29 /* response.json */; };
		19B46C651FBB26AF00792F29 /* CompanyService.swift in Sources */ = {isa = PBXBuildFile; fileRef = 19B46C641FBB26AF00792F29 /* CompanyService.swift */; };
		19B46C661FBB26AF00792F29 /* CompanyService.swift in Sources */ = {isa = PBXBuildFile; fileRef = 19B46C641FBB26AF00792F29 /* CompanyService.swift */; };
		19B46C6C1FBB274900792F29 /* MockCompanyService.swift in Sources */ = {isa = PBXBuildFile; fileRef = 19B46C6B1FBB274900792F29 /* MockCompanyService.swift */; };
		19B46C6E1FBB275900792F29 /* MockData.swift in Sources */ = {isa = PBXBuildFile; fileRef = 19B46C6D1FBB275900792F29 /* MockData.swift */; };
		19B46C711FBB309600792F29 /* SuccessfulState.swift in Sources */ = {isa = PBXBuildFile; fileRef = 19B46C701FBB309600792F29 /* SuccessfulState.swift */; };
		7BF5DA70660B777FB92DBA2F /* Pods_theLottTests.framework in Frameworks */ = {isa = PBXBuildFile; fileRef = 7DA9C53F8D2914A38766AE7F /* Pods_theLottTests.framework */; };
		DC1FE530C43594F524B12ACB /* Pods_theLott.framework in Frameworks */ = {isa = PBXBuildFile; fileRef = 668213BB8993B647422547BF /* Pods_theLott.framework */; };
/* End PBXBuildFile section */

/* Begin PBXContainerItemProxy section */
		19B46C471FBB0C4600792F29 /* PBXContainerItemProxy */ = {
			isa = PBXContainerItemProxy;
			containerPortal = 19B46C2A1FBB0C4600792F29 /* Project object */;
			proxyType = 1;
			remoteGlobalIDString = 19B46C311FBB0C4600792F29;
			remoteInfo = theLott;
		};
/* End PBXContainerItemProxy section */

/* Begin PBXFileReference section */
		19B46C321FBB0C4600792F29 /* theLott.app */ = {isa = PBXFileReference; explicitFileType = wrapper.application; includeInIndex = 0; path = theLott.app; sourceTree = BUILT_PRODUCTS_DIR; };
		19B46C351FBB0C4600792F29 /* AppDelegate.swift */ = {isa = PBXFileReference; lastKnownFileType = sourcecode.swift; path = AppDelegate.swift; sourceTree = "<group>"; };
		19B46C371FBB0C4600792F29 /* ViewController.swift */ = {isa = PBXFileReference; lastKnownFileType = sourcecode.swift; path = ViewController.swift; sourceTree = "<group>"; };
		19B46C3A1FBB0C4600792F29 /* Base */ = {isa = PBXFileReference; lastKnownFileType = file.storyboard; name = Base; path = Base.lproj/Main.storyboard; sourceTree = "<group>"; };
		19B46C3C1FBB0C4600792F29 /* Assets.xcassets */ = {isa = PBXFileReference; lastKnownFileType = folder.assetcatalog; path = Assets.xcassets; sourceTree = "<group>"; };
		19B46C3F1FBB0C4600792F29 /* Base */ = {isa = PBXFileReference; lastKnownFileType = file.storyboard; name = Base; path = Base.lproj/LaunchScreen.storyboard; sourceTree = "<group>"; };
		19B46C411FBB0C4600792F29 /* Info.plist */ = {isa = PBXFileReference; lastKnownFileType = text.plist.xml; path = Info.plist; sourceTree = "<group>"; };
		19B46C461FBB0C4600792F29 /* theLottTests.xctest */ = {isa = PBXFileReference; explicitFileType = wrapper.cfbundle; includeInIndex = 0; path = theLottTests.xctest; sourceTree = BUILT_PRODUCTS_DIR; };
		19B46C4A1FBB0C4600792F29 /* theLottTests.swift */ = {isa = PBXFileReference; lastKnownFileType = sourcecode.swift; path = theLottTests.swift; sourceTree = "<group>"; };
		19B46C4C1FBB0C4600792F29 /* Info.plist */ = {isa = PBXFileReference; lastKnownFileType = text.plist.xml; path = Info.plist; sourceTree = "<group>"; };
		19B46C561FBB133800792F29 /* response.json */ = {isa = PBXFileReference; lastKnownFileType = text.json; path = response.json; sourceTree = "<group>"; };
		19B46C591FBB141A00792F29 /* Result.swift */ = {isa = PBXFileReference; lastKnownFileType = sourcecode.swift; path = Result.swift; sourceTree = "<group>"; };
		19B46C5C1FBB17A700792F29 /* Company.swift */ = {isa = PBXFileReference; lastKnownFileType = sourcecode.swift; path = Company.swift; sourceTree = "<group>"; };
		19B46C5E1FBB1C4800792F29 /* MappingTests.swift */ = {isa = PBXFileReference; lastKnownFileType = sourcecode.swift; path = MappingTests.swift; sourceTree = "<group>"; };
		19B46C641FBB26AF00792F29 /* CompanyService.swift */ = {isa = PBXFileReference; lastKnownFileType = sourcecode.swift; path = CompanyService.swift; sourceTree = "<group>"; };
		19B46C6B1FBB274900792F29 /* MockCompanyService.swift */ = {isa = PBXFileReference; lastKnownFileType = sourcecode.swift; path = MockCompanyService.swift; sourceTree = "<group>"; };
		19B46C6D1FBB275900792F29 /* MockData.swift */ = {isa = PBXFileReference; lastKnownFileType = sourcecode.swift; path = MockData.swift; sourceTree = "<group>"; };
		19B46C701FBB309600792F29 /* SuccessfulState.swift */ = {isa = PBXFileReference; lastKnownFileType = sourcecode.swift; path = SuccessfulState.swift; sourceTree = "<group>"; };
		51B84B2D898F5D02677E671F /* Pods-theLottTests.debug.xcconfig */ = {isa = PBXFileReference; includeInIndex = 1; lastKnownFileType = text.xcconfig; name = "Pods-theLottTests.debug.xcconfig"; path = "Pods/Target Support Files/Pods-theLottTests/Pods-theLottTests.debug.xcconfig"; sourceTree = "<group>"; };
		668213BB8993B647422547BF /* Pods_theLott.framework */ = {isa = PBXFileReference; explicitFileType = wrapper.framework; includeInIndex = 0; path = Pods_theLott.framework; sourceTree = BUILT_PRODUCTS_DIR; };
		7DA9C53F8D2914A38766AE7F /* Pods_theLottTests.framework */ = {isa = PBXFileReference; explicitFileType = wrapper.framework; includeInIndex = 0; path = Pods_theLottTests.framework; sourceTree = BUILT_PRODUCTS_DIR; };
		AE4ECC380036AD03A71A587D /* Pods-theLottTests.release.xcconfig */ = {isa = PBXFileReference; includeInIndex = 1; lastKnownFileType = text.xcconfig; name = "Pods-theLottTests.release.xcconfig"; path = "Pods/Target Support Files/Pods-theLottTests/Pods-theLottTests.release.xcconfig"; sourceTree = "<group>"; };
		D44150134DE412DE709245A2 /* Pods-theLott.release.xcconfig */ = {isa = PBXFileReference; includeInIndex = 1; lastKnownFileType = text.xcconfig; name = "Pods-theLott.release.xcconfig"; path = "Pods/Target Support Files/Pods-theLott/Pods-theLott.release.xcconfig"; sourceTree = "<group>"; };
		FDA81BD6934E0CBF024A75D1 /* Pods-theLott.debug.xcconfig */ = {isa = PBXFileReference; includeInIndex = 1; lastKnownFileType = text.xcconfig; name = "Pods-theLott.debug.xcconfig"; path = "Pods/Target Support Files/Pods-theLott/Pods-theLott.debug.xcconfig"; sourceTree = "<group>"; };
/* End PBXFileReference section */

/* Begin PBXFrameworksBuildPhase section */
		19B46C2F1FBB0C4600792F29 /* Frameworks */ = {
			isa = PBXFrameworksBuildPhase;
			buildActionMask = 2147483647;
			files = (
				DC1FE530C43594F524B12ACB /* Pods_theLott.framework in Frameworks */,
			);
			runOnlyForDeploymentPostprocessing = 0;
		};
		19B46C431FBB0C4600792F29 /* Frameworks */ = {
			isa = PBXFrameworksBuildPhase;
			buildActionMask = 2147483647;
			files = (
				7BF5DA70660B777FB92DBA2F /* Pods_theLottTests.framework in Frameworks */,
			);
			runOnlyForDeploymentPostprocessing = 0;
		};
/* End PBXFrameworksBuildPhase section */

/* Begin PBXGroup section */
		19B46C291FBB0C4600792F29 = {
			isa = PBXGroup;
			children = (
				19B46C341FBB0C4600792F29 /* theLott */,
				19B46C491FBB0C4600792F29 /* theLottTests */,
				19B46C331FBB0C4600792F29 /* Products */,
				CDB2544DDCBBF752DAF677F8 /* Pods */,
				5DBBB59CAE96A7992947D99E /* Frameworks */,
			);
			sourceTree = "<group>";
		};
		19B46C331FBB0C4600792F29 /* Products */ = {
			isa = PBXGroup;
			children = (
				19B46C321FBB0C4600792F29 /* theLott.app */,
				19B46C461FBB0C4600792F29 /* theLottTests.xctest */,
			);
			name = Products;
			sourceTree = "<group>";
		};
		19B46C341FBB0C4600792F29 /* theLott */ = {
			isa = PBXGroup;
			children = (
				19B46C631FBB260400792F29 /* Services */,
				19B46C581FBB141000792F29 /* Models */,
				19B46C351FBB0C4600792F29 /* AppDelegate.swift */,
				19B46C371FBB0C4600792F29 /* ViewController.swift */,
				19B46C391FBB0C4600792F29 /* Main.storyboard */,
				19B46C3C1FBB0C4600792F29 /* Assets.xcassets */,
				19B46C3E1FBB0C4600792F29 /* LaunchScreen.storyboard */,
				19B46C551FBB131600792F29 /* SupportingFiles */,
			);
			path = theLott;
			sourceTree = "<group>";
		};
		19B46C491FBB0C4600792F29 /* theLottTests */ = {
			isa = PBXGroup;
			children = (
				19B46C6F1FBB308B00792F29 /* Models */,
				19B46C6A1FBB273B00792F29 /* Services */,
				19B46C4A1FBB0C4600792F29 /* theLottTests.swift */,
				19B46C4C1FBB0C4600792F29 /* Info.plist */,
				19B46C5E1FBB1C4800792F29 /* MappingTests.swift */,
				19B46C6D1FBB275900792F29 /* MockData.swift */,
			);
			path = theLottTests;
			sourceTree = "<group>";
		};
		19B46C551FBB131600792F29 /* SupportingFiles */ = {
			isa = PBXGroup;
			children = (
				19B46C411FBB0C4600792F29 /* Info.plist */,
				19B46C561FBB133800792F29 /* response.json */,
			);
			path = SupportingFiles;
			sourceTree = "<group>";
		};
		19B46C581FBB141000792F29 /* Models */ = {
			isa = PBXGroup;
			children = (
				19B46C591FBB141A00792F29 /* Result.swift */,
				19B46C5C1FBB17A700792F29 /* Company.swift */,
			);
			path = Models;
			sourceTree = "<group>";
		};
		19B46C631FBB260400792F29 /* Services */ = {
			isa = PBXGroup;
			children = (
				19B46C641FBB26AF00792F29 /* CompanyService.swift */,
			);
			path = Services;
			sourceTree = "<group>";
		};
		19B46C6A1FBB273B00792F29 /* Services */ = {
			isa = PBXGroup;
			children = (
				19B46C6B1FBB274900792F29 /* MockCompanyService.swift */,
			);
			path = Services;
			sourceTree = "<group>";
		};
		19B46C6F1FBB308B00792F29 /* Models */ = {
			isa = PBXGroup;
			children = (
				19B46C701FBB309600792F29 /* SuccessfulState.swift */,
			);
			path = Models;
			sourceTree = "<group>";
		};
		5DBBB59CAE96A7992947D99E /* Frameworks */ = {
			isa = PBXGroup;
			children = (
				668213BB8993B647422547BF /* Pods_theLott.framework */,
				7DA9C53F8D2914A38766AE7F /* Pods_theLottTests.framework */,
			);
			name = Frameworks;
			sourceTree = "<group>";
		};
		CDB2544DDCBBF752DAF677F8 /* Pods */ = {
			isa = PBXGroup;
			children = (
				FDA81BD6934E0CBF024A75D1 /* Pods-theLott.debug.xcconfig */,
				D44150134DE412DE709245A2 /* Pods-theLott.release.xcconfig */,
				51B84B2D898F5D02677E671F /* Pods-theLottTests.debug.xcconfig */,
				AE4ECC380036AD03A71A587D /* Pods-theLottTests.release.xcconfig */,
			);
			name = Pods;
			sourceTree = "<group>";
		};
/* End PBXGroup section */

/* Begin PBXNativeTarget section */
		19B46C311FBB0C4600792F29 /* theLott */ = {
			isa = PBXNativeTarget;
			buildConfigurationList = 19B46C4F1FBB0C4600792F29 /* Build configuration list for PBXNativeTarget "theLott" */;
			buildPhases = (
				9AE3734EB7718A16008F2666 /* [CP] Check Pods Manifest.lock */,
				19B46C2E1FBB0C4600792F29 /* Sources */,
				19B46C2F1FBB0C4600792F29 /* Frameworks */,
				19B46C301FBB0C4600792F29 /* Resources */,
				DE904BB746F45F0B731E76FB /* [CP] Embed Pods Frameworks */,
				A6E584F65043EF71B3DC6698 /* [CP] Copy Pods Resources */,
			);
			buildRules = (
			);
			dependencies = (
			);
			name = theLott;
			productName = theLott;
			productReference = 19B46C321FBB0C4600792F29 /* theLott.app */;
			productType = "com.apple.product-type.application";
		};
		19B46C451FBB0C4600792F29 /* theLottTests */ = {
			isa = PBXNativeTarget;
			buildConfigurationList = 19B46C521FBB0C4600792F29 /* Build configuration list for PBXNativeTarget "theLottTests" */;
			buildPhases = (
				6A5D44AFDF1A6F4366C58527 /* [CP] Check Pods Manifest.lock */,
				19B46C421FBB0C4600792F29 /* Sources */,
				19B46C431FBB0C4600792F29 /* Frameworks */,
				19B46C441FBB0C4600792F29 /* Resources */,
				736A7FC162D6960BC88D7231 /* [CP] Embed Pods Frameworks */,
				D3A72BC783C7A037B5E0B152 /* [CP] Copy Pods Resources */,
			);
			buildRules = (
			);
			dependencies = (
				19B46C481FBB0C4600792F29 /* PBXTargetDependency */,
			);
			name = theLottTests;
			productName = theLottTests;
			productReference = 19B46C461FBB0C4600792F29 /* theLottTests.xctest */;
			productType = "com.apple.product-type.bundle.unit-test";
		};
/* End PBXNativeTarget section */

/* Begin PBXProject section */
		19B46C2A1FBB0C4600792F29 /* Project object */ = {
			isa = PBXProject;
			attributes = {
				LastSwiftUpdateCheck = 0910;
				LastUpgradeCheck = 0910;
				ORGANIZATIONNAME = "Nishant Shrestha";
				TargetAttributes = {
					19B46C311FBB0C4600792F29 = {
						CreatedOnToolsVersion = 9.1;
						ProvisioningStyle = Automatic;
					};
					19B46C451FBB0C4600792F29 = {
						CreatedOnToolsVersion = 9.1;
						ProvisioningStyle = Automatic;
						TestTargetID = 19B46C311FBB0C4600792F29;
					};
				};
			};
			buildConfigurationList = 19B46C2D1FBB0C4600792F29 /* Build configuration list for PBXProject "theLott" */;
			compatibilityVersion = "Xcode 8.0";
			developmentRegion = en;
			hasScannedForEncodings = 0;
			knownRegions = (
				en,
				Base,
			);
			mainGroup = 19B46C291FBB0C4600792F29;
			productRefGroup = 19B46C331FBB0C4600792F29 /* Products */;
			projectDirPath = "";
			projectRoot = "";
			targets = (
				19B46C311FBB0C4600792F29 /* theLott */,
				19B46C451FBB0C4600792F29 /* theLottTests */,
			);
		};
/* End PBXProject section */

/* Begin PBXResourcesBuildPhase section */
		19B46C301FBB0C4600792F29 /* Resources */ = {
			isa = PBXResourcesBuildPhase;
			buildActionMask = 2147483647;
			files = (
				19B46C571FBB133800792F29 /* response.json in Resources */,
				19B46C401FBB0C4600792F29 /* LaunchScreen.storyboard in Resources */,
				19B46C3D1FBB0C4600792F29 /* Assets.xcassets in Resources */,
				19B46C3B1FBB0C4600792F29 /* Main.storyboard in Resources */,
			);
			runOnlyForDeploymentPostprocessing = 0;
		};
		19B46C441FBB0C4600792F29 /* Resources */ = {
			isa = PBXResourcesBuildPhase;
			buildActionMask = 2147483647;
			files = (
				19B46C621FBB1D0700792F29 /* response.json in Resources */,
			);
			runOnlyForDeploymentPostprocessing = 0;
		};
/* End PBXResourcesBuildPhase section */

/* Begin PBXShellScriptBuildPhase section */
		6A5D44AFDF1A6F4366C58527 /* [CP] Check Pods Manifest.lock */ = {
			isa = PBXShellScriptBuildPhase;
			buildActionMask = 2147483647;
			files = (
			);
			inputPaths = (
			);
			name = "[CP] Check Pods Manifest.lock";
			outputPaths = (
			);
			runOnlyForDeploymentPostprocessing = 0;
			shellPath = /bin/sh;
			shellScript = "diff \"${PODS_ROOT}/../Podfile.lock\" \"${PODS_ROOT}/Manifest.lock\" > /dev/null\nif [ $? != 0 ] ; then\n    # print error to STDERR\n    echo \"error: The sandbox is not in sync with the Podfile.lock. Run 'pod install' or update your CocoaPods installation.\" >&2\n    exit 1\nfi\n";
			showEnvVarsInLog = 0;
		};
		736A7FC162D6960BC88D7231 /* [CP] Embed Pods Frameworks */ = {
			isa = PBXShellScriptBuildPhase;
			buildActionMask = 2147483647;
			files = (
			);
			inputPaths = (
			);
			name = "[CP] Embed Pods Frameworks";
			outputPaths = (
			);
			runOnlyForDeploymentPostprocessing = 0;
			shellPath = /bin/sh;
			shellScript = "\"${SRCROOT}/Pods/Target Support Files/Pods-theLottTests/Pods-theLottTests-frameworks.sh\"\n";
			showEnvVarsInLog = 0;
		};
		9AE3734EB7718A16008F2666 /* [CP] Check Pods Manifest.lock */ = {
			isa = PBXShellScriptBuildPhase;
			buildActionMask = 2147483647;
			files = (
			);
			inputPaths = (
			);
			name = "[CP] Check Pods Manifest.lock";
			outputPaths = (
			);
			runOnlyForDeploymentPostprocessing = 0;
			shellPath = /bin/sh;
			shellScript = "diff \"${PODS_ROOT}/../Podfile.lock\" \"${PODS_ROOT}/Manifest.lock\" > /dev/null\nif [ $? != 0 ] ; then\n    # print error to STDERR\n    echo \"error: The sandbox is not in sync with the Podfile.lock. Run 'pod install' or update your CocoaPods installation.\" >&2\n    exit 1\nfi\n";
			showEnvVarsInLog = 0;
		};
		A6E584F65043EF71B3DC6698 /* [CP] Copy Pods Resources */ = {
			isa = PBXShellScriptBuildPhase;
			buildActionMask = 2147483647;
			files = (
			);
			inputPaths = (
			);
			name = "[CP] Copy Pods Resources";
			outputPaths = (
			);
			runOnlyForDeploymentPostprocessing = 0;
			shellPath = /bin/sh;
			shellScript = "\"${SRCROOT}/Pods/Target Support Files/Pods-theLott/Pods-theLott-resources.sh\"\n";
			showEnvVarsInLog = 0;
		};
		D3A72BC783C7A037B5E0B152 /* [CP] Copy Pods Resources */ = {
			isa = PBXShellScriptBuildPhase;
			buildActionMask = 2147483647;
			files = (
			);
			inputPaths = (
			);
			name = "[CP] Copy Pods Resources";
			outputPaths = (
			);
			runOnlyForDeploymentPostprocessing = 0;
			shellPath = /bin/sh;
			shellScript = "\"${SRCROOT}/Pods/Target Support Files/Pods-theLottTests/Pods-theLottTests-resources.sh\"\n";
			showEnvVarsInLog = 0;
		};
		DE904BB746F45F0B731E76FB /* [CP] Embed Pods Frameworks */ = {
			isa = PBXShellScriptBuildPhase;
			buildActionMask = 2147483647;
			files = (
			);
			inputPaths = (
			);
			name = "[CP] Embed Pods Frameworks";
			outputPaths = (
			);
			runOnlyForDeploymentPostprocessing = 0;
			shellPath = /bin/sh;
			shellScript = "\"${SRCROOT}/Pods/Target Support Files/Pods-theLott/Pods-theLott-frameworks.sh\"\n";
			showEnvVarsInLog = 0;
		};
/* End PBXShellScriptBuildPhase section */

/* Begin PBXSourcesBuildPhase section */
		19B46C2E1FBB0C4600792F29 /* Sources */ = {
			isa = PBXSourcesBuildPhase;
			buildActionMask = 2147483647;
			files = (
				19B46C5A1FBB141A00792F29 /* Result.swift in Sources */,
				19B46C381FBB0C4600792F29 /* ViewController.swift in Sources */,
				19B46C651FBB26AF00792F29 /* CompanyService.swift in Sources */,
				19B46C361FBB0C4600792F29 /* AppDelegate.swift in Sources */,
				19B46C5D1FBB17A700792F29 /* Company.swift in Sources */,
			);
			runOnlyForDeploymentPostprocessing = 0;
		};
		19B46C421FBB0C4600792F29 /* Sources */ = {
			isa = PBXSourcesBuildPhase;
			buildActionMask = 2147483647;
			files = (
				19B46C5F1FBB1C4800792F29 /* MappingTests.swift in Sources */,
				19B46C711FBB309600792F29 /* SuccessfulState.swift in Sources */,
				19B46C6C1FBB274900792F29 /* MockCompanyService.swift in Sources */,
				19B46C4B1FBB0C4600792F29 /* theLottTests.swift in Sources */,
				19B46C661FBB26AF00792F29 /* CompanyService.swift in Sources */,
				19B46C611FBB1C9600792F29 /* Result.swift in Sources */,
				19B46C6E1FBB275900792F29 /* MockData.swift in Sources */,
				19B46C601FBB1C9300792F29 /* Company.swift in Sources */,
			);
			runOnlyForDeploymentPostprocessing = 0;
		};
/* End PBXSourcesBuildPhase section */

/* Begin PBXTargetDependency section */
		19B46C481FBB0C4600792F29 /* PBXTargetDependency */ = {
			isa = PBXTargetDependency;
			target = 19B46C311FBB0C4600792F29 /* theLott */;
			targetProxy = 19B46C471FBB0C4600792F29 /* PBXContainerItemProxy */;
		};
/* End PBXTargetDependency section */

/* Begin PBXVariantGroup section */
		19B46C391FBB0C4600792F29 /* Main.storyboard */ = {
			isa = PBXVariantGroup;
			children = (
				19B46C3A1FBB0C4600792F29 /* Base */,
			);
			name = Main.storyboard;
			sourceTree = "<group>";
		};
		19B46C3E1FBB0C4600792F29 /* LaunchScreen.storyboard */ = {
			isa = PBXVariantGroup;
			children = (
				19B46C3F1FBB0C4600792F29 /* Base */,
			);
			name = LaunchScreen.storyboard;
			sourceTree = "<group>";
		};
/* End PBXVariantGroup section */

/* Begin XCBuildConfiguration section */
		19B46C4D1FBB0C4600792F29 /* Debug */ = {
			isa = XCBuildConfiguration;
			buildSettings = {
				ALWAYS_SEARCH_USER_PATHS = NO;
				CLANG_ANALYZER_NONNULL = YES;
				CLANG_ANALYZER_NUMBER_OBJECT_CONVERSION = YES_AGGRESSIVE;
				CLANG_CXX_LANGUAGE_STANDARD = "gnu++14";
				CLANG_CXX_LIBRARY = "libc++";
				CLANG_ENABLE_MODULES = YES;
				CLANG_ENABLE_OBJC_ARC = YES;
				CLANG_WARN_BLOCK_CAPTURE_AUTORELEASING = YES;
				CLANG_WARN_BOOL_CONVERSION = YES;
				CLANG_WARN_COMMA = YES;
				CLANG_WARN_CONSTANT_CONVERSION = YES;
				CLANG_WARN_DIRECT_OBJC_ISA_USAGE = YES_ERROR;
				CLANG_WARN_DOCUMENTATION_COMMENTS = YES;
				CLANG_WARN_EMPTY_BODY = YES;
				CLANG_WARN_ENUM_CONVERSION = YES;
				CLANG_WARN_INFINITE_RECURSION = YES;
				CLANG_WARN_INT_CONVERSION = YES;
				CLANG_WARN_NON_LITERAL_NULL_CONVERSION = YES;
				CLANG_WARN_OBJC_LITERAL_CONVERSION = YES;
				CLANG_WARN_OBJC_ROOT_CLASS = YES_ERROR;
				CLANG_WARN_RANGE_LOOP_ANALYSIS = YES;
				CLANG_WARN_STRICT_PROTOTYPES = YES;
				CLANG_WARN_SUSPICIOUS_MOVE = YES;
				CLANG_WARN_UNGUARDED_AVAILABILITY = YES_AGGRESSIVE;
				CLANG_WARN_UNREACHABLE_CODE = YES;
				CLANG_WARN__DUPLICATE_METHOD_MATCH = YES;
				CODE_SIGN_IDENTITY = "iPhone Developer";
				COPY_PHASE_STRIP = NO;
				DEBUG_INFORMATION_FORMAT = dwarf;
				ENABLE_STRICT_OBJC_MSGSEND = YES;
				ENABLE_TESTABILITY = YES;
				GCC_C_LANGUAGE_STANDARD = gnu11;
				GCC_DYNAMIC_NO_PIC = NO;
				GCC_NO_COMMON_BLOCKS = YES;
				GCC_OPTIMIZATION_LEVEL = 0;
				GCC_PREPROCESSOR_DEFINITIONS = (
					"DEBUG=1",
					"$(inherited)",
				);
				GCC_WARN_64_TO_32_BIT_CONVERSION = YES;
				GCC_WARN_ABOUT_RETURN_TYPE = YES_ERROR;
				GCC_WARN_UNDECLARED_SELECTOR = YES;
				GCC_WARN_UNINITIALIZED_AUTOS = YES_AGGRESSIVE;
				GCC_WARN_UNUSED_FUNCTION = YES;
				GCC_WARN_UNUSED_VARIABLE = YES;
				IPHONEOS_DEPLOYMENT_TARGET = 11.1;
				MTL_ENABLE_DEBUG_INFO = YES;
				ONLY_ACTIVE_ARCH = YES;
				SDKROOT = iphoneos;
				SWIFT_ACTIVE_COMPILATION_CONDITIONS = DEBUG;
				SWIFT_OPTIMIZATION_LEVEL = "-Onone";
			};
			name = Debug;
		};
		19B46C4E1FBB0C4600792F29 /* Release */ = {
			isa = XCBuildConfiguration;
			buildSettings = {
				ALWAYS_SEARCH_USER_PATHS = NO;
				CLANG_ANALYZER_NONNULL = YES;
				CLANG_ANALYZER_NUMBER_OBJECT_CONVERSION = YES_AGGRESSIVE;
				CLANG_CXX_LANGUAGE_STANDARD = "gnu++14";
				CLANG_CXX_LIBRARY = "libc++";
				CLANG_ENABLE_MODULES = YES;
				CLANG_ENABLE_OBJC_ARC = YES;
				CLANG_WARN_BLOCK_CAPTURE_AUTORELEASING = YES;
				CLANG_WARN_BOOL_CONVERSION = YES;
				CLANG_WARN_COMMA = YES;
				CLANG_WARN_CONSTANT_CONVERSION = YES;
				CLANG_WARN_DIRECT_OBJC_ISA_USAGE = YES_ERROR;
				CLANG_WARN_DOCUMENTATION_COMMENTS = YES;
				CLANG_WARN_EMPTY_BODY = YES;
				CLANG_WARN_ENUM_CONVERSION = YES;
				CLANG_WARN_INFINITE_RECURSION = YES;
				CLANG_WARN_INT_CONVERSION = YES;
				CLANG_WARN_NON_LITERAL_NULL_CONVERSION = YES;
				CLANG_WARN_OBJC_LITERAL_CONVERSION = YES;
				CLANG_WARN_OBJC_ROOT_CLASS = YES_ERROR;
				CLANG_WARN_RANGE_LOOP_ANALYSIS = YES;
				CLANG_WARN_STRICT_PROTOTYPES = YES;
				CLANG_WARN_SUSPICIOUS_MOVE = YES;
				CLANG_WARN_UNGUARDED_AVAILABILITY = YES_AGGRESSIVE;
				CLANG_WARN_UNREACHABLE_CODE = YES;
				CLANG_WARN__DUPLICATE_METHOD_MATCH = YES;
				CODE_SIGN_IDENTITY = "iPhone Developer";
				COPY_PHASE_STRIP = NO;
				DEBUG_INFORMATION_FORMAT = "dwarf-with-dsym";
				ENABLE_NS_ASSERTIONS = NO;
				ENABLE_STRICT_OBJC_MSGSEND = YES;
				GCC_C_LANGUAGE_STANDARD = gnu11;
				GCC_NO_COMMON_BLOCKS = YES;
				GCC_WARN_64_TO_32_BIT_CONVERSION = YES;
				GCC_WARN_ABOUT_RETURN_TYPE = YES_ERROR;
				GCC_WARN_UNDECLARED_SELECTOR = YES;
				GCC_WARN_UNINITIALIZED_AUTOS = YES_AGGRESSIVE;
				GCC_WARN_UNUSED_FUNCTION = YES;
				GCC_WARN_UNUSED_VARIABLE = YES;
				IPHONEOS_DEPLOYMENT_TARGET = 11.1;
				MTL_ENABLE_DEBUG_INFO = NO;
				SDKROOT = iphoneos;
				SWIFT_OPTIMIZATION_LEVEL = "-Owholemodule";
				VALIDATE_PRODUCT = YES;
			};
			name = Release;
		};
		19B46C501FBB0C4600792F29 /* Debug */ = {
			isa = XCBuildConfiguration;
			baseConfigurationReference = FDA81BD6934E0CBF024A75D1 /* Pods-theLott.debug.xcconfig */;
			buildSettings = {
				ASSETCATALOG_COMPILER_APPICON_NAME = AppIcon;
				CODE_SIGN_STYLE = Automatic;
				DEVELOPMENT_TEAM = 6LLLFQ93JK;
				INFOPLIST_FILE = "$(SRCROOT)/theLott/SupportingFiles/Info.plist";
				LD_RUNPATH_SEARCH_PATHS = "$(inherited) @executable_path/Frameworks";
				PRODUCT_BUNDLE_IDENTIFIER = au.com.nishantshrestha.theLott;
				PRODUCT_NAME = "$(TARGET_NAME)";
				SWIFT_VERSION = 4.0;
				TARGETED_DEVICE_FAMILY = "1,2";
			};
			name = Debug;
		};
		19B46C511FBB0C4600792F29 /* Release */ = {
			isa = XCBuildConfiguration;
			baseConfigurationReference = D44150134DE412DE709245A2 /* Pods-theLott.release.xcconfig */;
			buildSettings = {
				ASSETCATALOG_COMPILER_APPICON_NAME = AppIcon;
				CODE_SIGN_STYLE = Automatic;
				DEVELOPMENT_TEAM = 6LLLFQ93JK;
				INFOPLIST_FILE = "$(SRCROOT)/theLott/SupportingFiles/Info.plist";
				LD_RUNPATH_SEARCH_PATHS = "$(inherited) @executable_path/Frameworks";
				PRODUCT_BUNDLE_IDENTIFIER = au.com.nishantshrestha.theLott;
				PRODUCT_NAME = "$(TARGET_NAME)";
				SWIFT_VERSION = 4.0;
				TARGETED_DEVICE_FAMILY = "1,2";
			};
			name = Release;
		};
		19B46C531FBB0C4600792F29 /* Debug */ = {
			isa = XCBuildConfiguration;
			baseConfigurationReference = 51B84B2D898F5D02677E671F /* Pods-theLottTests.debug.xcconfig */;
			buildSettings = {
				ALWAYS_EMBED_SWIFT_STANDARD_LIBRARIES = YES;
				BUNDLE_LOADER = "$(TEST_HOST)";
				CODE_SIGN_STYLE = Automatic;
				DEVELOPMENT_TEAM = 6LLLFQ93JK;
				INFOPLIST_FILE = theLottTests/Info.plist;
				LD_RUNPATH_SEARCH_PATHS = "$(inherited) @executable_path/Frameworks @loader_path/Frameworks";
				PRODUCT_BUNDLE_IDENTIFIER = au.com.nishantshrestha.theLottTests;
				PRODUCT_NAME = "$(TARGET_NAME)";
				SWIFT_VERSION = 4.0;
				TARGETED_DEVICE_FAMILY = "1,2";
				TEST_HOST = "$(BUILT_PRODUCTS_DIR)/theLott.app/theLott";
			};
			name = Debug;
		};
		19B46C541FBB0C4600792F29 /* Release */ = {
			isa = XCBuildConfiguration;
			baseConfigurationReference = AE4ECC380036AD03A71A587D /* Pods-theLottTests.release.xcconfig */;
			buildSettings = {
				ALWAYS_EMBED_SWIFT_STANDARD_LIBRARIES = YES;
				BUNDLE_LOADER = "$(TEST_HOST)";
				CODE_SIGN_STYLE = Automatic;
				DEVELOPMENT_TEAM = 6LLLFQ93JK;
				INFOPLIST_FILE = theLottTests/Info.plist;
				LD_RUNPATH_SEARCH_PATHS = "$(inherited) @executable_path/Frameworks @loader_path/Frameworks";
				PRODUCT_BUNDLE_IDENTIFIER = au.com.nishantshrestha.theLottTests;
				PRODUCT_NAME = "$(TARGET_NAME)";
				SWIFT_VERSION = 4.0;
				TARGETED_DEVICE_FAMILY = "1,2";
				TEST_HOST = "$(BUILT_PRODUCTS_DIR)/theLott.app/theLott";
			};
			name = Release;
		};
/* End XCBuildConfiguration section */

/* Begin XCConfigurationList section */
		19B46C2D1FBB0C4600792F29 /* Build configuration list for PBXProject "theLott" */ = {
			isa = XCConfigurationList;
			buildConfigurations = (
				19B46C4D1FBB0C4600792F29 /* Debug */,
				19B46C4E1FBB0C4600792F29 /* Release */,
			);
			defaultConfigurationIsVisible = 0;
			defaultConfigurationName = Release;
		};
		19B46C4F1FBB0C4600792F29 /* Build configuration list for PBXNativeTarget "theLott" */ = {
			isa = XCConfigurationList;
			buildConfigurations = (
				19B46C501FBB0C4600792F29 /* Debug */,
				19B46C511FBB0C4600792F29 /* Release */,
			);
			defaultConfigurationIsVisible = 0;
			defaultConfigurationName = Release;
		};
		19B46C521FBB0C4600792F29 /* Build configuration list for PBXNativeTarget "theLottTests" */ = {
			isa = XCConfigurationList;
			buildConfigurations = (
				19B46C531FBB0C4600792F29 /* Debug */,
				19B46C541FBB0C4600792F29 /* Release */,
			);
			defaultConfigurationIsVisible = 0;
			defaultConfigurationName = Release;
		};
/* End XCConfigurationList section */
	};
	rootObject = 19B46C2A1FBB0C4600792F29 /* Project object */;
}
